
Microsoft Visual Studio Solution File, Format Version 12.00
# Visual Studio Version 17
VisualStudioVersion = 17.5.33530.505
MinimumVisualStudioVersion = 10.0.40219.1
Project("{FAE04EC0-301F-11D3-BF4B-00C04F79EFBC}") = "ApiAviones", "ApiAviones\ApiAviones.csproj", "{9B2B4D3B-A3AE-4769-93C7-ACE0E305C338}"
EndProject
Global
	GlobalSection(SolutionConfigurationPlatforms) = preSolution
		Debug|Any CPU = Debug|Any CPU
		Release|Any CPU = Release|Any CPU
	EndGlobalSection
	GlobalSection(ProjectConfigurationPlatforms) = postSolution
		{9B2B4D3B-A3AE-4769-93C7-ACE0E305C338}.Debug|Any CPU.ActiveCfg = Debug|Any CPU
		{9B2B4D3B-A3AE-4769-93C7-ACE0E305C338}.Debug|Any CPU.Build.0 = Debug|Any CPU
		{9B2B4D3B-A3AE-4769-93C7-ACE0E305C338}.Release|Any CPU.ActiveCfg = Release|Any CPU
		{9B2B4D3B-A3AE-4769-93C7-ACE0E305C338}.Release|Any CPU.Build.0 = Release|Any CPU
	EndGlobalSection
	GlobalSection(SolutionProperties) = preSolution
		HideSolutionNode = FALSE
	EndGlobalSection
	GlobalSection(ExtensibilityGlobals) = postSolution
		SolutionGuid = {1DEE7A9A-212D-493E-9676-866B55F4200A}
	EndGlobalSection
EndGlobal
